
Microsoft Visual Studio Solution File, Format Version 12.00
Project("{FAE04EC0-301F-11D3-BF4B-00C04F79EFBC}") = "DataGenerator", "src\DataGenerator\DataGenerator.csproj", "{36F693E8-2E06-4978-B50F-FFDA1BCACC33}"
EndProject
Project("{FAE04EC0-301F-11D3-BF4B-00C04F79EFBC}") = "DataGenerator.Tests", "test\DataGenerator.Tests\DataGenerator.Tests.csproj", "{E89F7BE8-EE60-4760-80FC-3F97F8481FCF}"
EndProject
Global
	GlobalSection(SolutionConfigurationPlatforms) = preSolution
		Debug|Any CPU = Debug|Any CPU
		Release|Any CPU = Release|Any CPU
	EndGlobalSection
	GlobalSection(ProjectConfigurationPlatforms) = postSolution
		{36F693E8-2E06-4978-B50F-FFDA1BCACC33}.Debug|Any CPU.ActiveCfg = Debug|Any CPU
		{36F693E8-2E06-4978-B50F-FFDA1BCACC33}.Debug|Any CPU.Build.0 = Debug|Any CPU
		{36F693E8-2E06-4978-B50F-FFDA1BCACC33}.Release|Any CPU.ActiveCfg = Release|Any CPU
		{36F693E8-2E06-4978-B50F-FFDA1BCACC33}.Release|Any CPU.Build.0 = Release|Any CPU
		{E89F7BE8-EE60-4760-80FC-3F97F8481FCF}.Debug|Any CPU.ActiveCfg = Debug|Any CPU
		{E89F7BE8-EE60-4760-80FC-3F97F8481FCF}.Debug|Any CPU.Build.0 = Debug|Any CPU
		{E89F7BE8-EE60-4760-80FC-3F97F8481FCF}.Release|Any CPU.ActiveCfg = Release|Any CPU
		{E89F7BE8-EE60-4760-80FC-3F97F8481FCF}.Release|Any CPU.Build.0 = Release|Any CPU
	EndGlobalSection
EndGlobal
